
Microsoft Visual Studio Solution File, Format Version 12.00
# Visual Studio 15
VisualStudioVersion = 15.0.26730.12
MinimumVisualStudioVersion = 10.0.40219.1
Project("{FAE04EC0-301F-11D3-BF4B-00C04F79EFBC}") = "RazorPagesMovie", "RazorPagesMovie\RazorPagesMovie.csproj", "{3D951AE3-D639-4DB6-82AC-1934E1E1C9AB}"
EndProject
Global
	GlobalSection(SolutionConfigurationPlatforms) = preSolution
		Debug|Any CPU = Debug|Any CPU
		Release|Any CPU = Release|Any CPU
	EndGlobalSection
	GlobalSection(ProjectConfigurationPlatforms) = postSolution
		{3D951AE3-D639-4DB6-82AC-1934E1E1C9AB}.Debug|Any CPU.ActiveCfg = Debug|Any CPU
		{3D951AE3-D639-4DB6-82AC-1934E1E1C9AB}.Debug|Any CPU.Build.0 = Debug|Any CPU
		{3D951AE3-D639-4DB6-82AC-1934E1E1C9AB}.Release|Any CPU.ActiveCfg = Release|Any CPU
		{3D951AE3-D639-4DB6-82AC-1934E1E1C9AB}.Release|Any CPU.Build.0 = Release|Any CPU
	EndGlobalSection
	GlobalSection(SolutionProperties) = preSolution
		HideSolutionNode = FALSE
	EndGlobalSection
	GlobalSection(ExtensibilityGlobals) = postSolution
		SolutionGuid = {855E8DEA-E01C-4C41-A802-42A0FEF02963}
	EndGlobalSection
EndGlobal
